<?xml version="1.0" encoding="utf-8"?>
<Project ToolsVersion="4.0" xmlns="http://schemas.microsoft.com/developer/msbuild/2003">
  <ItemGroup>
    <Filter Include="Source Files">
      <UniqueIdentifier>{4FC737F1-C7A5-4376-A066-2A32D752A2FF}</UniqueIdentifier>
      <Extensions>cpp;c;cc;cxx;def;odl;idl;hpj;bat;asm;asmx</Extensions>
    </Filter>
    <Filter Include="Header Files">
      <UniqueIdentifier>{93995380-89BD-4b04-88EB-625FBE52EBFB}</UniqueIdentifier>
      <Extensions>h;hpp;hxx;hm;inl;inc;xsd</Extensions>
    </Filter>
    <Filter Include="Resource Files">
      <UniqueIdentifier>{67DA6AB6-F800-4c08-8B7A-83BB121AAD01}</UniqueIdentifier>
      <Extensions>rc;ico;cur;bmp;dlg;rc2;rct;bin;rgs;gif;jpg;jpeg;jpe;resx;tiff;tif;png;wav;mfcribbon-ms</Extensions>
    </Filter>
    <Filter Include="poly2tri">
      <UniqueIdentifier>{8e5016ef-1edf-47fe-87e9-b3023a952b50}</UniqueIdentifier>
    </Filter>
    <Filter Include="poly2tri\common">
      <UniqueIdentifier>{c6340e83-d4ce-4d22-ad2f-413033e791cd}</UniqueIdentifier>
    </Filter>
    <Filter Include="poly2tri\sweep">
      <UniqueIdentifier>{9aec0ae2-f963-41a4-a8b7-0375d98e74af}</UniqueIdentifier>
    </Filter>
  </ItemGroup>
  <ItemGroup>
    <ClCompile Include="main.cpp">
      <Filter>Source Files</Filter>
    </ClCompile>
    <ClCompile Include="poly2tri\common\shapes.cpp">
      <Filter>poly2tri\common</Filter>
    </ClCompile>
    <ClCompile Include="poly2tri\sweep\advancing_front.cpp">
      <Filter>poly2tri\sweep</Filter>
    </ClCompile>
    <ClCompile Include="poly2tri\sweep\cdt.cpp">
      <Filter>poly2tri\sweep</Filter>
    </ClCompile>
    <ClCompile Include="poly2tri\sweep\sweep.cpp">
      <Filter>poly2tri\sweep</Filter>
    </ClCompile>
    <ClCompile Include="poly2tri\sweep\sweep_context.cpp">
      <Filter>poly2tri\sweep</Filter>
    </ClCompile>
  </ItemGroup>
  <ItemGroup>
    <ClInclude Include="poly2tri\poly2tri.h">
      <Filter>poly2tri</Filter>
    </ClInclude>
    <ClInclude Include="poly2tri\common\shapes.h">
      <Filter>poly2tri\common</Filter>
    </ClInclude>
    <ClInclude Include="poly2tri\common\utils.h">
      <Filter>poly2tri\common</Filter>
    </ClInclude>
    <ClInclude Include="poly2tri\sweep\advancing_front.h">
      <Filter>poly2tri\sweep</Filter>
    </ClInclude>
    <ClInclude Include="poly2tri\sweep\cdt.h">
      <Filter>poly2tri\sweep</Filter>
    </ClInclude>
    <ClInclude Include="poly2tri\sweep\sweep.h">
      <Filter>poly2tri\sweep</Filter>
    </ClInclude>
    <ClInclude Include="poly2tri\sweep\sweep_context.h">
      <Filter>poly2tri\sweep</Filter>
    </ClInclude>
  </ItemGroup>
</Project>